// !$*UTF8*$!
{
	archiveVersion = 1;
	classes = {
	};
	objectVersion = 46;
	objects = {

/* Begin PBXBuildFile section */
		647EED521F44A694001DDE31 /* AppDelegate.swift in Sources */ = {isa = PBXBuildFile; fileRef = 647EED511F44A694001DDE31 /* AppDelegate.swift */; };
		647EED541F44A694001DDE31 /* ViewController.swift in Sources */ = {isa = PBXBuildFile; fileRef = 647EED531F44A694001DDE31 /* ViewController.swift */; };
		647EED571F44A694001DDE31 /* Main.storyboard in Resources */ = {isa = PBXBuildFile; fileRef = 647EED551F44A694001DDE31 /* Main.storyboard */; };
		647EED591F44A694001DDE31 /* Assets.xcassets in Resources */ = {isa = PBXBuildFile; fileRef = 647EED581F44A694001DDE31 /* Assets.xcassets */; };
		647EED5C1F44A694001DDE31 /* LaunchScreen.storyboard in Resources */ = {isa = PBXBuildFile; fileRef = 647EED5A1F44A694001DDE31 /* LaunchScreen.storyboard */; };
/* End PBXBuildFile section */

/* Begin PBXFileReference section */
		647EED4E1F44A694001DDE31 /* AmarCommunity.app */ = {isa = PBXFileReference; explicitFileType = wrapper.application; includeInIndex = 0; path = AmarCommunity.app; sourceTree = BUILT_PRODUCTS_DIR; };
		647EED511F44A694001DDE31 /* AppDelegate.swift */ = {isa = PBXFileReference; lastKnownFileType = sourcecode.swift; path = AppDelegate.swift; sourceTree = "<group>"; };
		647EED531F44A694001DDE31 /* ViewController.swift */ = {isa = PBXFileReference; lastKnownFileType = sourcecode.swift; path = ViewController.swift; sourceTree = "<group>"; };
		647EED561F44A694001DDE31 /* Base */ = {isa = PBXFileReference; lastKnownFileType = file.storyboard; name = Base; path = Base.lproj/Main.storyboard; sourceTree = "<group>"; };
		647EED581F44A694001DDE31 /* Assets.xcassets */ = {isa = PBXFileReference; lastKnownFileType = folder.assetcatalog; path = Assets.xcassets; sourceTree = "<group>"; };
		647EED5B1F44A694001DDE31 /* Base */ = {isa = PBXFileReference; lastKnownFileType = file.storyboard; name = Base; path = Base.lproj/LaunchScreen.storyboard; sourceTree = "<group>"; };
		647EED5D1F44A694001DDE31 /* Info.plist */ = {isa = PBXFileReference; lastKnownFileType = text.plist.xml; path = Info.plist; sourceTree = "<group>"; };
/* End PBXFileReference section */

/* Begin PBXFrameworksBuildPhase section */
		647EED4B1F44A694001DDE31 /* Frameworks */ = {
			isa = PBXFrameworksBuildPhase;
			buildActionMask = 2147483647;
			files = (
			);
			runOnlyForDeploymentPostprocessing = 0;
		};
/* End PBXFrameworksBuildPhase section */

/* Begin PBXGroup section */
		647EED451F44A693001DDE31 = {
			isa = PBXGroup;
			children = (
				647EED501F44A694001DDE31 /* AmarCommunity */,
				647EED4F1F44A694001DDE31 /* Products */,
			);
			sourceTree = "<group>";
		};
		647EED4F1F44A694001DDE31 /* Products */ = {
			isa = PBXGroup;
			children = (
				647EED4E1F44A694001DDE31 /* AmarCommunity.app */,
			);
			name = Products;
			sourceTree = "<group>";
		};
		647EED501F44A694001DDE31 /* AmarCommunity */ = {
			isa = PBXGroup;
			children = (
				647EED511F44A694001DDE31 /* AppDelegate.swift */,
				647EED531F44A694001DDE31 /* ViewController.swift */,
				647EED551F44A694001DDE31 /* Main.storyboard */,
				647EED581F44A694001DDE31 /* Assets.xcassets */,
				647EED5A1F44A694001DDE31 /* LaunchScreen.storyboard */,
				647EED5D1F44A694001DDE31 /* Info.plist */,
			);
			path = AmarCommunity;
			sourceTree = "<group>";
		};
/* End PBXGroup section */

/* Begin PBXNativeTarget section */
		647EED4D1F44A694001DDE31 /* AmarCommunity */ = {
			isa = PBXNativeTarget;
			buildConfigurationList = 647EED601F44A694001DDE31 /* Build configuration list for PBXNativeTarget "AmarCommunity" */;
			buildPhases = (
				647EED4A1F44A694001DDE31 /* Sources */,
				647EED4B1F44A694001DDE31 /* Frameworks */,
				647EED4C1F44A694001DDE31 /* Resources */,
			);
			buildRules = (
			);
			dependencies = (
			);
			name = AmarCommunity;
			productName = AmarCommunity;
			productReference = 647EED4E1F44A694001DDE31 /* AmarCommunity.app */;
			productType = "com.apple.product-type.application";
		};
/* End PBXNativeTarget section */

/* Begin PBXProject section */
		647EED461F44A693001DDE31 /* Project object */ = {
			isa = PBXProject;
			attributes = {
				LastSwiftUpdateCheck = 0830;
				LastUpgradeCheck = 0830;
				ORGANIZATIONNAME = "Abdullah A Mamun";
				TargetAttributes = {
					647EED4D1F44A694001DDE31 = {
						CreatedOnToolsVersion = 8.3.3;
						ProvisioningStyle = Automatic;
					};
				};
			};
			buildConfigurationList = 647EED491F44A693001DDE31 /* Build configuration list for PBXProject "AmarCommunity" */;
			compatibilityVersion = "Xcode 3.2";
			developmentRegion = English;
			hasScannedForEncodings = 0;
			knownRegions = (
				en,
				Base,
			);
			mainGroup = 647EED451F44A693001DDE31;
			productRefGroup = 647EED4F1F44A694001DDE31 /* Products */;
			projectDirPath = "";
			projectRoot = "";
			targets = (
				647EED4D1F44A694001DDE31 /* AmarCommunity */,
			);
		};
/* End PBXProject section */

/* Begin PBXResourcesBuildPhase section */
		647EED4C1F44A694001DDE31 /* Resources */ = {
			isa = PBXResourcesBuildPhase;
			buildActionMask = 2147483647;
			files = (
				647EED5C1F44A694001DDE31 /* LaunchScreen.storyboard in Resources */,
				647EED591F44A694001DDE31 /* Assets.xcassets in Resources */,
				647EED571F44A694001DDE31 /* Main.storyboard in Resources */,
			);
			runOnlyForDeploymentPostprocessing = 0;
		};
/* End PBXResourcesBuildPhase section */

/* Begin PBXSourcesBuildPhase section */
		647EED4A1F44A694001DDE31 /* Sources */ = {
			isa = PBXSourcesBuildPhase;
			buildActionMask = 2147483647;
			files = (
				647EED541F44A694001DDE31 /* ViewController.swift in Sources */,
				647EED521F44A694001DDE31 /* AppDelegate.swift in Sources */,
			);
			runOnlyForDeploymentPostprocessing = 0;
		};
/* End PBXSourcesBuildPhase section */

/* Begin PBXVariantGroup section */
		647EED551F44A694001DDE31 /* Main.storyboard */ = {
			isa = PBXVariantGroup;
			children = (
				647EED561F44A694001DDE31 /* Base */,
			);
			name = Main.storyboard;
			sourceTree = "<group>";
		};
		647EED5A1F44A694001DDE31 /* LaunchScreen.storyboard */ = {
			isa = PBXVariantGroup;
			children = (
				647EED5B1F44A694001DDE31 /* Base */,
			);
			name = LaunchScreen.storyboard;
			sourceTree = "<group>";
		};
/* End PBXVariantGroup section */

/* Begin XCBuildConfiguration section */
		647EED5E1F44A694001DDE31 /* Debug */ = {
			isa = XCBuildConfiguration;
			buildSettings = {
				ALWAYS_SEARCH_USER_PATHS = NO;
				CLANG_ANALYZER_NONNULL = YES;
				CLANG_ANALYZER_NUMBER_OBJECT_CONVERSION = YES_AGGRESSIVE;
				CLANG_CXX_LANGUAGE_STANDARD = "gnu++0x";
				CLANG_CXX_LIBRARY = "libc++";
				CLANG_ENABLE_MODULES = YES;
				CLANG_ENABLE_OBJC_ARC = YES;
				CLANG_WARN_BOOL_CONVERSION = YES;
				CLANG_WARN_CONSTANT_CONVERSION = YES;
				CLANG_WARN_DIRECT_OBJC_ISA_USAGE = YES_ERROR;
				CLANG_WARN_DOCUMENTATION_COMMENTS = YES;
				CLANG_WARN_EMPTY_BODY = YES;
				CLANG_WARN_ENUM_CONVERSION = YES;
				CLANG_WARN_INFINITE_RECURSION = YES;
				CLANG_WARN_INT_CONVERSION = YES;
				CLANG_WARN_OBJC_ROOT_CLASS = YES_ERROR;
				CLANG_WARN_SUSPICIOUS_MOVE = YES;
				CLANG_WARN_UNREACHABLE_CODE = YES;
				CLANG_WARN__DUPLICATE_METHOD_MATCH = YES;
				"CODE_SIGN_IDENTITY[sdk=iphoneos*]" = "iPhone Developer";
				COPY_PHASE_STRIP = NO;
				DEBUG_INFORMATION_FORMAT = dwarf;
				ENABLE_STRICT_OBJC_MSGSEND = YES;
				ENABLE_TESTABILITY = YES;
				GCC_C_LANGUAGE_STANDARD = gnu99;
				GCC_DYNAMIC_NO_PIC = NO;
				GCC_NO_COMMON_BLOCKS = YES;
				GCC_OPTIMIZATION_LEVEL = 0;
				GCC_PREPROCESSOR_DEFINITIONS = (
					"DEBUG=1",
					"$(inherited)",
				);
				GCC_WARN_64_TO_32_BIT_CONVERSION = YES;
				GCC_WARN_ABOUT_RETURN_TYPE = YES_ERROR;
				GCC_WARN_UNDECLARED_SELECTOR = YES;
				GCC_WARN_UNINITIALIZED_AUTOS = YES_AGGRESSIVE;
				GCC_WARN_UNUSED_FUNCTION = YES;
				GCC_WARN_UNUSED_VARIABLE = YES;
				IPHONEOS_DEPLOYMENT_TARGET = 10.3;
				MTL_ENABLE_DEBUG_INFO = YES;
				ONLY_ACTIVE_ARCH = YES;
				SDKROOT = iphoneos;
				SWIFT_ACTIVE_COMPILATION_CONDITIONS = DEBUG;
				SWIFT_OPTIMIZATION_LEVEL = "-Onone";
				TARGETED_DEVICE_FAMILY = "1,2";
			};
			name = Debug;
		};
		647EED5F1F44A694001DDE31 /* Release */ = {
			isa = XCBuildConfiguration;
			buildSettings = {
				ALWAYS_SEARCH_USER_PATHS = NO;
				CLANG_ANALYZER_NONNULL = YES;
				CLANG_ANALYZER_NUMBER_OBJECT_CONVERSION = YES_AGGRESSIVE;
				CLANG_CXX_LANGUAGE_STANDARD = "gnu++0x";
				CLANG_CXX_LIBRARY = "libc++";
				CLANG_ENABLE_MODULES = YES;
				CLANG_ENABLE_OBJC_ARC = YES;
				CLANG_WARN_BOOL_CONVERSION = YES;
				CLANG_WARN_CONSTANT_CONVERSION = YES;
				CLANG_WARN_DIRECT_OBJC_ISA_USAGE = YES_ERROR;
				CLANG_WARN_DOCUMENTATION_COMMENTS = YES;
				CLANG_WARN_EMPTY_BODY = YES;
				CLANG_WARN_ENUM_CONVERSION = YES;
				CLANG_WARN_INFINITE_RECURSION = YES;
				CLANG_WARN_INT_CONVERSION = YES;
				CLANG_WARN_OBJC_ROOT_CLASS = YES_ERROR;
				CLANG_WARN_SUSPICIOUS_MOVE = YES;
				CLANG_WARN_UNREACHABLE_CODE = YES;
				CLANG_WARN__DUPLICATE_METHOD_MATCH = YES;
				"CODE_SIGN_IDENTITY[sdk=iphoneos*]" = "iPhone Developer";
				COPY_PHASE_STRIP = NO;
				DEBUG_INFORMATION_FORMAT = "dwarf-with-dsym";
				ENABLE_NS_ASSERTIONS = NO;
				ENABLE_STRICT_OBJC_MSGSEND = YES;
				GCC_C_LANGUAGE_STANDARD = gnu99;
				GCC_NO_COMMON_BLOCKS = YES;
				GCC_WARN_64_TO_32_BIT_CONVERSION = YES;
				GCC_WARN_ABOUT_RETURN_TYPE = YES_ERROR;
				GCC_WARN_UNDECLARED_SELECTOR = YES;
				GCC_WARN_UNINITIALIZED_AUTOS = YES_AGGRESSIVE;
				GCC_WARN_UNUSED_FUNCTION = YES;
				GCC_WARN_UNUSED_VARIABLE = YES;
				IPHONEOS_DEPLOYMENT_TARGET = 10.3;
				MTL_ENABLE_DEBUG_INFO = NO;
				SDKROOT = iphoneos;
				SWIFT_OPTIMIZATION_LEVEL = "-Owholemodule";
				TARGETED_DEVICE_FAMILY = "1,2";
				VALIDATE_PRODUCT = YES;
			};
			name = Release;
		};
		647EED611F44A694001DDE31 /* Debug */ = {
			isa = XCBuildConfiguration;
			buildSettings = {
				ASSETCATALOG_COMPILER_APPICON_NAME = AppIcon;
				INFOPLIST_FILE = AmarCommunity/Info.plist;
				LD_RUNPATH_SEARCH_PATHS = "$(inherited) @executable_path/Frameworks";
				PRODUCT_BUNDLE_IDENTIFIER = myApp.AmarCommunity;
				PRODUCT_NAME = "$(TARGET_NAME)";
				SWIFT_VERSION = 3.0;
			};
			name = Debug;
		};
		647EED621F44A694001DDE31 /* Release */ = {
			isa = XCBuildConfiguration;
			buildSettings = {
				ASSETCATALOG_COMPILER_APPICON_NAME = AppIcon;
				INFOPLIST_FILE = AmarCommunity/Info.plist;
				LD_RUNPATH_SEARCH_PATHS = "$(inherited) @executable_path/Frameworks";
				PRODUCT_BUNDLE_IDENTIFIER = myApp.AmarCommunity;
				PRODUCT_NAME = "$(TARGET_NAME)";
				SWIFT_VERSION = 3.0;
			};
			name = Release;
		};
/* End XCBuildConfiguration section */

/* Begin XCConfigurationList section */
		647EED491F44A693001DDE31 /* Build configuration list for PBXProject "AmarCommunity" */ = {
			isa = XCConfigurationList;
			buildConfigurations = (
				647EED5E1F44A694001DDE31 /* Debug */,
				647EED5F1F44A694001DDE31 /* Release */,
			);
			defaultConfigurationIsVisible = 0;
			defaultConfigurationName = Release;
		};
		647EED601F44A694001DDE31 /* Build configuration list for PBXNativeTarget "AmarCommunity" */ = {
			isa = XCConfigurationList;
			buildConfigurations = (
				647EED611F44A694001DDE31 /* Debug */,
				647EED621F44A694001DDE31 /* Release */,
			);
			defaultConfigurationIsVisible = 0;
		};
/* End XCConfigurationList section */
	};
	rootObject = 647EED461F44A693001DDE31 /* Project object */;
}
